
Microsoft Visual Studio Solution File, Format Version 12.00
# Visual Studio Version 17
VisualStudioVersion = 17.14.36414.22
MinimumVisualStudioVersion = 10.0.40219.1
Project("{FAE04EC0-301F-11D3-BF4B-00C04F79EFBC}") = "Vormid", "Vormid.csproj", "{E6EA4451-C888-4DFC-A98B-AA4D38A36391}"
EndProject
Global
	GlobalSection(SolutionConfigurationPlatforms) = preSolution
		Debug|Any CPU = Debug|Any CPU
		Release|Any CPU = Release|Any CPU
	EndGlobalSection
	GlobalSection(ProjectConfigurationPlatforms) = postSolution
		{E6EA4451-C888-4DFC-A98B-AA4D38A36391}.Debug|Any CPU.ActiveCfg = Debug|Any CPU
		{E6EA4451-C888-4DFC-A98B-AA4D38A36391}.Debug|Any CPU.Build.0 = Debug|Any CPU
		{E6EA4451-C888-4DFC-A98B-AA4D38A36391}.Release|Any CPU.ActiveCfg = Release|Any CPU
		{E6EA4451-C888-4DFC-A98B-AA4D38A36391}.Release|Any CPU.Build.0 = Release|Any CPU
	EndGlobalSection
	GlobalSection(SolutionProperties) = preSolution
		HideSolutionNode = FALSE
	EndGlobalSection
	GlobalSection(ExtensibilityGlobals) = postSolution
		SolutionGuid = {2EBE5A44-850B-4D6F-A3FF-3DD06AE2E29F}
	EndGlobalSection
EndGlobal
